// !$*UTF8*$!
{
	archiveVersion = 1;
	classes = {
	};
	objectVersion = 46;
	objects = {

/* Begin PBXBuildFile section */
		9B3231EC1A3144BF008CFCCC /* SuccessViewController.swift in Sources */ = {isa = PBXBuildFile; fileRef = 9B3231EB1A3144BF008CFCCC /* SuccessViewController.swift */; };
		9B6EC0E31A33E678009A5B90 /* FanBluetoothManager.swift in Sources */ = {isa = PBXBuildFile; fileRef = 9B6EC0E21A33E678009A5B90 /* FanBluetoothManager.swift */; };
		9BA1097C1A2F766E0020307A /* TableViewController.swift in Sources */ = {isa = PBXBuildFile; fileRef = 9BA1097B1A2F766E0020307A /* TableViewController.swift */; };
		9BA228691A31172900A230BF /* InitialViewController.swift in Sources */ = {isa = PBXBuildFile; fileRef = 9BA228681A31172900A230BF /* InitialViewController.swift */; };
		9BA2286D1A312E4100A230BF /* scene-light-hands-concert.jpg in Resources */ = {isa = PBXBuildFile; fileRef = 9BA2286C1A312E4100A230BF /* scene-light-hands-concert.jpg */; };
		9BA34BC61A36D62F00CCB0AF /* Shared.swift in Sources */ = {isa = PBXBuildFile; fileRef = 9BA34BC51A36D62F00CCB0AF /* Shared.swift */; };
		9BA5714D1A316506008CDCA0 /* 3572_ucla_bruins-alternate-1973.png in Resources */ = {isa = PBXBuildFile; fileRef = 9BA5714C1A316506008CDCA0 /* 3572_ucla_bruins-alternate-1973.png */; };
		9BC9A8111A23B6B3007AD0FC /* AppDelegate.swift in Sources */ = {isa = PBXBuildFile; fileRef = 9BC9A8101A23B6B3007AD0FC /* AppDelegate.swift */; };
		9BC9A8131A23B6B3007AD0FC /* SelectedTicketViewController.swift in Sources */ = {isa = PBXBuildFile; fileRef = 9BC9A8121A23B6B3007AD0FC /* SelectedTicketViewController.swift */; };
		9BC9A8161A23B6B3007AD0FC /* Main.storyboard in Resources */ = {isa = PBXBuildFile; fileRef = 9BC9A8141A23B6B3007AD0FC /* Main.storyboard */; };
		9BC9A8181A23B6B3007AD0FC /* Images.xcassets in Resources */ = {isa = PBXBuildFile; fileRef = 9BC9A8171A23B6B3007AD0FC /* Images.xcassets */; };
		9BC9A81B1A23B6B3007AD0FC /* LaunchScreen.xib in Resources */ = {isa = PBXBuildFile; fileRef = 9BC9A8191A23B6B3007AD0FC /* LaunchScreen.xib */; };
		9BC9A8271A23B6B3007AD0FC /* FanAppTests.swift in Sources */ = {isa = PBXBuildFile; fileRef = 9BC9A8261A23B6B3007AD0FC /* FanAppTests.swift */; };
/* End PBXBuildFile section */

/* Begin PBXContainerItemProxy section */
		9BC9A8211A23B6B3007AD0FC /* PBXContainerItemProxy */ = {
			isa = PBXContainerItemProxy;
			containerPortal = 9BC9A8031A23B6B3007AD0FC /* Project object */;
			proxyType = 1;
			remoteGlobalIDString = 9BC9A80A1A23B6B3007AD0FC;
			remoteInfo = FanApp;
		};
/* End PBXContainerItemProxy section */

/* Begin PBXFileReference section */
		9B3231EB1A3144BF008CFCCC /* SuccessViewController.swift */ = {isa = PBXFileReference; fileEncoding = 4; lastKnownFileType = sourcecode.swift; path = SuccessViewController.swift; sourceTree = "<group>"; };
		9B6EC0E21A33E678009A5B90 /* FanBluetoothManager.swift */ = {isa = PBXFileReference; fileEncoding = 4; lastKnownFileType = sourcecode.swift; path = FanBluetoothManager.swift; sourceTree = "<group>"; };
		9BA1097B1A2F766E0020307A /* TableViewController.swift */ = {isa = PBXFileReference; fileEncoding = 4; lastKnownFileType = sourcecode.swift; path = TableViewController.swift; sourceTree = "<group>"; };
		9BA228681A31172900A230BF /* InitialViewController.swift */ = {isa = PBXFileReference; fileEncoding = 4; lastKnownFileType = sourcecode.swift; path = InitialViewController.swift; sourceTree = "<group>"; };
		9BA2286C1A312E4100A230BF /* scene-light-hands-concert.jpg */ = {isa = PBXFileReference; lastKnownFileType = image.jpeg; path = "scene-light-hands-concert.jpg"; sourceTree = "<group>"; };
		9BA34BC51A36D62F00CCB0AF /* Shared.swift */ = {isa = PBXFileReference; fileEncoding = 4; lastKnownFileType = sourcecode.swift; name = Shared.swift; path = ../../SharedData/Shared.swift; sourceTree = "<group>"; };
		9BA5714C1A316506008CDCA0 /* 3572_ucla_bruins-alternate-1973.png */ = {isa = PBXFileReference; lastKnownFileType = image.png; path = "3572_ucla_bruins-alternate-1973.png"; sourceTree = "<group>"; };
		9BC9A80B1A23B6B3007AD0FC /* FanApp.app */ = {isa = PBXFileReference; explicitFileType = wrapper.application; includeInIndex = 0; path = FanApp.app; sourceTree = BUILT_PRODUCTS_DIR; };
		9BC9A80F1A23B6B3007AD0FC /* Info.plist */ = {isa = PBXFileReference; lastKnownFileType = text.plist.xml; path = Info.plist; sourceTree = "<group>"; };
		9BC9A8101A23B6B3007AD0FC /* AppDelegate.swift */ = {isa = PBXFileReference; lastKnownFileType = sourcecode.swift; path = AppDelegate.swift; sourceTree = "<group>"; };
		9BC9A8121A23B6B3007AD0FC /* SelectedTicketViewController.swift */ = {isa = PBXFileReference; lastKnownFileType = sourcecode.swift; path = SelectedTicketViewController.swift; sourceTree = "<group>"; };
		9BC9A8151A23B6B3007AD0FC /* Base */ = {isa = PBXFileReference; lastKnownFileType = file.storyboard; name = Base; path = Base.lproj/Main.storyboard; sourceTree = "<group>"; };
		9BC9A8171A23B6B3007AD0FC /* Images.xcassets */ = {isa = PBXFileReference; lastKnownFileType = folder.assetcatalog; path = Images.xcassets; sourceTree = "<group>"; };
		9BC9A81A1A23B6B3007AD0FC /* Base */ = {isa = PBXFileReference; lastKnownFileType = file.xib; name = Base; path = Base.lproj/LaunchScreen.xib; sourceTree = "<group>"; };
		9BC9A8201A23B6B3007AD0FC /* FanAppTests.xctest */ = {isa = PBXFileReference; explicitFileType = wrapper.cfbundle; includeInIndex = 0; path = FanAppTests.xctest; sourceTree = BUILT_PRODUCTS_DIR; };
		9BC9A8251A23B6B3007AD0FC /* Info.plist */ = {isa = PBXFileReference; lastKnownFileType = text.plist.xml; path = Info.plist; sourceTree = "<group>"; };
		9BC9A8261A23B6B3007AD0FC /* FanAppTests.swift */ = {isa = PBXFileReference; lastKnownFileType = sourcecode.swift; path = FanAppTests.swift; sourceTree = "<group>"; };
/* End PBXFileReference section */

/* Begin PBXFrameworksBuildPhase section */
		9BC9A8081A23B6B3007AD0FC /* Frameworks */ = {
			isa = PBXFrameworksBuildPhase;
			buildActionMask = 2147483647;
			files = (
			);
			runOnlyForDeploymentPostprocessing = 0;
		};
		9BC9A81D1A23B6B3007AD0FC /* Frameworks */ = {
			isa = PBXFrameworksBuildPhase;
			buildActionMask = 2147483647;
			files = (
			);
			runOnlyForDeploymentPostprocessing = 0;
		};
/* End PBXFrameworksBuildPhase section */

/* Begin PBXGroup section */
		9BC9A8021A23B6B3007AD0FC = {
			isa = PBXGroup;
			children = (
				9BC9A80D1A23B6B3007AD0FC /* FanApp */,
				9BC9A8231A23B6B3007AD0FC /* FanAppTests */,
				9BC9A80C1A23B6B3007AD0FC /* Products */,
			);
			sourceTree = "<group>";
		};
		9BC9A80C1A23B6B3007AD0FC /* Products */ = {
			isa = PBXGroup;
			children = (
				9BC9A80B1A23B6B3007AD0FC /* FanApp.app */,
				9BC9A8201A23B6B3007AD0FC /* FanAppTests.xctest */,
			);
			name = Products;
			sourceTree = "<group>";
		};
		9BC9A80D1A23B6B3007AD0FC /* FanApp */ = {
			isa = PBXGroup;
			children = (
				9BA34BC51A36D62F00CCB0AF /* Shared.swift */,
				9BA228681A31172900A230BF /* InitialViewController.swift */,
				9BA1097B1A2F766E0020307A /* TableViewController.swift */,
				9B6EC0E21A33E678009A5B90 /* FanBluetoothManager.swift */,
				9BC9A8121A23B6B3007AD0FC /* SelectedTicketViewController.swift */,
				9B3231EB1A3144BF008CFCCC /* SuccessViewController.swift */,
				9BC9A8101A23B6B3007AD0FC /* AppDelegate.swift */,
				9BC9A8141A23B6B3007AD0FC /* Main.storyboard */,
				9BA2286C1A312E4100A230BF /* scene-light-hands-concert.jpg */,
				9BA5714C1A316506008CDCA0 /* 3572_ucla_bruins-alternate-1973.png */,
				9BC9A8171A23B6B3007AD0FC /* Images.xcassets */,
				9BC9A8191A23B6B3007AD0FC /* LaunchScreen.xib */,
				9BC9A80E1A23B6B3007AD0FC /* Supporting Files */,
			);
			path = FanApp;
			sourceTree = "<group>";
		};
		9BC9A80E1A23B6B3007AD0FC /* Supporting Files */ = {
			isa = PBXGroup;
			children = (
				9BC9A80F1A23B6B3007AD0FC /* Info.plist */,
			);
			name = "Supporting Files";
			sourceTree = "<group>";
		};
		9BC9A8231A23B6B3007AD0FC /* FanAppTests */ = {
			isa = PBXGroup;
			children = (
				9BC9A8261A23B6B3007AD0FC /* FanAppTests.swift */,
				9BC9A8241A23B6B3007AD0FC /* Supporting Files */,
			);
			path = FanAppTests;
			sourceTree = "<group>";
		};
		9BC9A8241A23B6B3007AD0FC /* Supporting Files */ = {
			isa = PBXGroup;
			children = (
				9BC9A8251A23B6B3007AD0FC /* Info.plist */,
			);
			name = "Supporting Files";
			sourceTree = "<group>";
		};
/* End PBXGroup section */

/* Begin PBXNativeTarget section */
		9BC9A80A1A23B6B3007AD0FC /* FanApp */ = {
			isa = PBXNativeTarget;
			buildConfigurationList = 9BC9A82A1A23B6B3007AD0FC /* Build configuration list for PBXNativeTarget "FanApp" */;
			buildPhases = (
				9BC9A8071A23B6B3007AD0FC /* Sources */,
				9BC9A8081A23B6B3007AD0FC /* Frameworks */,
				9BC9A8091A23B6B3007AD0FC /* Resources */,
			);
			buildRules = (
			);
			dependencies = (
			);
			name = FanApp;
			productName = FanApp;
			productReference = 9BC9A80B1A23B6B3007AD0FC /* FanApp.app */;
			productType = "com.apple.product-type.application";
		};
		9BC9A81F1A23B6B3007AD0FC /* FanAppTests */ = {
			isa = PBXNativeTarget;
			buildConfigurationList = 9BC9A82D1A23B6B3007AD0FC /* Build configuration list for PBXNativeTarget "FanAppTests" */;
			buildPhases = (
				9BC9A81C1A23B6B3007AD0FC /* Sources */,
				9BC9A81D1A23B6B3007AD0FC /* Frameworks */,
				9BC9A81E1A23B6B3007AD0FC /* Resources */,
			);
			buildRules = (
			);
			dependencies = (
				9BC9A8221A23B6B3007AD0FC /* PBXTargetDependency */,
			);
			name = FanAppTests;
			productName = FanAppTests;
			productReference = 9BC9A8201A23B6B3007AD0FC /* FanAppTests.xctest */;
			productType = "com.apple.product-type.bundle.unit-test";
		};
/* End PBXNativeTarget section */

/* Begin PBXProject section */
		9BC9A8031A23B6B3007AD0FC /* Project object */ = {
			isa = PBXProject;
			attributes = {
				LastUpgradeCheck = 0610;
				ORGANIZATIONNAME = "TM-UCLA-BLE";
				TargetAttributes = {
					9BC9A80A1A23B6B3007AD0FC = {
						CreatedOnToolsVersion = 6.1;
						DevelopmentTeam = 7NQ52QR485;
					};
					9BC9A81F1A23B6B3007AD0FC = {
						CreatedOnToolsVersion = 6.1;
						TestTargetID = 9BC9A80A1A23B6B3007AD0FC;
					};
				};
			};
			buildConfigurationList = 9BC9A8061A23B6B3007AD0FC /* Build configuration list for PBXProject "FanApp" */;
			compatibilityVersion = "Xcode 3.2";
			developmentRegion = English;
			hasScannedForEncodings = 0;
			knownRegions = (
				en,
				Base,
			);
			mainGroup = 9BC9A8021A23B6B3007AD0FC;
			productRefGroup = 9BC9A80C1A23B6B3007AD0FC /* Products */;
			projectDirPath = "";
			projectRoot = "";
			targets = (
				9BC9A80A1A23B6B3007AD0FC /* FanApp */,
				9BC9A81F1A23B6B3007AD0FC /* FanAppTests */,
			);
		};
/* End PBXProject section */

/* Begin PBXResourcesBuildPhase section */
		9BC9A8091A23B6B3007AD0FC /* Resources */ = {
			isa = PBXResourcesBuildPhase;
			buildActionMask = 2147483647;
			files = (
				9BC9A8161A23B6B3007AD0FC /* Main.storyboard in Resources */,
				9BA5714D1A316506008CDCA0 /* 3572_ucla_bruins-alternate-1973.png in Resources */,
				9BC9A81B1A23B6B3007AD0FC /* LaunchScreen.xib in Resources */,
				9BA2286D1A312E4100A230BF /* scene-light-hands-concert.jpg in Resources */,
				9BC9A8181A23B6B3007AD0FC /* Images.xcassets in Resources */,
			);
			runOnlyForDeploymentPostprocessing = 0;
		};
		9BC9A81E1A23B6B3007AD0FC /* Resources */ = {
			isa = PBXResourcesBuildPhase;
			buildActionMask = 2147483647;
			files = (
			);
			runOnlyForDeploymentPostprocessing = 0;
		};
/* End PBXResourcesBuildPhase section */

/* Begin PBXSourcesBuildPhase section */
		9BC9A8071A23B6B3007AD0FC /* Sources */ = {
			isa = PBXSourcesBuildPhase;
			buildActionMask = 2147483647;
			files = (
				9BA34BC61A36D62F00CCB0AF /* Shared.swift in Sources */,
				9B6EC0E31A33E678009A5B90 /* FanBluetoothManager.swift in Sources */,
				9BC9A8131A23B6B3007AD0FC /* SelectedTicketViewController.swift in Sources */,
				9BA1097C1A2F766E0020307A /* TableViewController.swift in Sources */,
				9BC9A8111A23B6B3007AD0FC /* AppDelegate.swift in Sources */,
				9B3231EC1A3144BF008CFCCC /* SuccessViewController.swift in Sources */,
				9BA228691A31172900A230BF /* InitialViewController.swift in Sources */,
			);
			runOnlyForDeploymentPostprocessing = 0;
		};
		9BC9A81C1A23B6B3007AD0FC /* Sources */ = {
			isa = PBXSourcesBuildPhase;
			buildActionMask = 2147483647;
			files = (
				9BC9A8271A23B6B3007AD0FC /* FanAppTests.swift in Sources */,
			);
			runOnlyForDeploymentPostprocessing = 0;
		};
/* End PBXSourcesBuildPhase section */

/* Begin PBXTargetDependency section */
		9BC9A8221A23B6B3007AD0FC /* PBXTargetDependency */ = {
			isa = PBXTargetDependency;
			target = 9BC9A80A1A23B6B3007AD0FC /* FanApp */;
			targetProxy = 9BC9A8211A23B6B3007AD0FC /* PBXContainerItemProxy */;
		};
/* End PBXTargetDependency section */

/* Begin PBXVariantGroup section */
		9BC9A8141A23B6B3007AD0FC /* Main.storyboard */ = {
			isa = PBXVariantGroup;
			children = (
				9BC9A8151A23B6B3007AD0FC /* Base */,
			);
			name = Main.storyboard;
			sourceTree = "<group>";
		};
		9BC9A8191A23B6B3007AD0FC /* LaunchScreen.xib */ = {
			isa = PBXVariantGroup;
			children = (
				9BC9A81A1A23B6B3007AD0FC /* Base */,
			);
			name = LaunchScreen.xib;
			sourceTree = "<group>";
		};
/* End PBXVariantGroup section */

/* Begin XCBuildConfiguration section */
		9BC9A8281A23B6B3007AD0FC /* Debug */ = {
			isa = XCBuildConfiguration;
			buildSettings = {
				ALWAYS_SEARCH_USER_PATHS = NO;
				CLANG_CXX_LANGUAGE_STANDARD = "gnu++0x";
				CLANG_CXX_LIBRARY = "libc++";
				CLANG_ENABLE_MODULES = YES;
				CLANG_ENABLE_OBJC_ARC = YES;
				CLANG_WARN_BOOL_CONVERSION = YES;
				CLANG_WARN_CONSTANT_CONVERSION = YES;
				CLANG_WARN_DIRECT_OBJC_ISA_USAGE = YES_ERROR;
				CLANG_WARN_EMPTY_BODY = YES;
				CLANG_WARN_ENUM_CONVERSION = YES;
				CLANG_WARN_INT_CONVERSION = YES;
				CLANG_WARN_OBJC_ROOT_CLASS = YES_ERROR;
				CLANG_WARN_UNREACHABLE_CODE = YES;
				CLANG_WARN__DUPLICATE_METHOD_MATCH = YES;
				"CODE_SIGN_IDENTITY[sdk=iphoneos*]" = "iPhone Developer";
				COPY_PHASE_STRIP = NO;
				ENABLE_STRICT_OBJC_MSGSEND = YES;
				GCC_C_LANGUAGE_STANDARD = gnu99;
				GCC_DYNAMIC_NO_PIC = NO;
				GCC_OPTIMIZATION_LEVEL = 0;
				GCC_PREPROCESSOR_DEFINITIONS = (
					"DEBUG=1",
					"$(inherited)",
				);
				GCC_SYMBOLS_PRIVATE_EXTERN = NO;
				GCC_WARN_64_TO_32_BIT_CONVERSION = YES;
				GCC_WARN_ABOUT_RETURN_TYPE = YES_ERROR;
				GCC_WARN_UNDECLARED_SELECTOR = YES;
				GCC_WARN_UNINITIALIZED_AUTOS = YES_AGGRESSIVE;
				GCC_WARN_UNUSED_FUNCTION = YES;
				GCC_WARN_UNUSED_VARIABLE = YES;
				IPHONEOS_DEPLOYMENT_TARGET = 8.1;
				MTL_ENABLE_DEBUG_INFO = YES;
				ONLY_ACTIVE_ARCH = YES;
				SDKROOT = iphoneos;
				SWIFT_OPTIMIZATION_LEVEL = "-Onone";
				TARGETED_DEVICE_FAMILY = "1,2";
			};
			name = Debug;
		};
		9BC9A8291A23B6B3007AD0FC /* Release */ = {
			isa = XCBuildConfiguration;
			buildSettings = {
				ALWAYS_SEARCH_USER_PATHS = NO;
				CLANG_CXX_LANGUAGE_STANDARD = "gnu++0x";
				CLANG_CXX_LIBRARY = "libc++";
				CLANG_ENABLE_MODULES = YES;
				CLANG_ENABLE_OBJC_ARC = YES;
				CLANG_WARN_BOOL_CONVERSION = YES;
				CLANG_WARN_CONSTANT_CONVERSION = YES;
				CLANG_WARN_DIRECT_OBJC_ISA_USAGE = YES_ERROR;
				CLANG_WARN_EMPTY_BODY = YES;
				CLANG_WARN_ENUM_CONVERSION = YES;
				CLANG_WARN_INT_CONVERSION = YES;
				CLANG_WARN_OBJC_ROOT_CLASS = YES_ERROR;
				CLANG_WARN_UNREACHABLE_CODE = YES;
				CLANG_WARN__DUPLICATE_METHOD_MATCH = YES;
				"CODE_SIGN_IDENTITY[sdk=iphoneos*]" = "iPhone Developer";
				COPY_PHASE_STRIP = YES;
				ENABLE_NS_ASSERTIONS = NO;
				ENABLE_STRICT_OBJC_MSGSEND = YES;
				GCC_C_LANGUAGE_STANDARD = gnu99;
				GCC_WARN_64_TO_32_BIT_CONVERSION = YES;
				GCC_WARN_ABOUT_RETURN_TYPE = YES_ERROR;
				GCC_WARN_UNDECLARED_SELECTOR = YES;
				GCC_WARN_UNINITIALIZED_AUTOS = YES_AGGRESSIVE;
				GCC_WARN_UNUSED_FUNCTION = YES;
				GCC_WARN_UNUSED_VARIABLE = YES;
				IPHONEOS_DEPLOYMENT_TARGET = 8.1;
				MTL_ENABLE_DEBUG_INFO = NO;
				SDKROOT = iphoneos;
				TARGETED_DEVICE_FAMILY = "1,2";
				VALIDATE_PRODUCT = YES;
			};
			name = Release;
		};
		9BC9A82B1A23B6B3007AD0FC /* Debug */ = {
			isa = XCBuildConfiguration;
			buildSettings = {
				ASSETCATALOG_COMPILER_APPICON_NAME = AppIcon;
				CODE_SIGN_IDENTITY = "iPhone Developer: Noeleen Livingstone (S46SR32P87)";
				"CODE_SIGN_IDENTITY[sdk=iphoneos*]" = "iPhone Developer: Noeleen Livingstone (S46SR32P87)";
				EMBEDDED_CONTENT_CONTAINS_SWIFT = YES;
				INFOPLIST_FILE = FanApp/Info.plist;
				LD_RUNPATH_SEARCH_PATHS = "$(inherited) @executable_path/Frameworks";
				PRODUCT_NAME = "$(TARGET_NAME)";
				PROVISIONING_PROFILE = "417cc823-999d-401b-9fcf-882e68d2c5e8";
				TARGETED_DEVICE_FAMILY = "1,2";
			};
			name = Debug;
		};
		9BC9A82C1A23B6B3007AD0FC /* Release */ = {
			isa = XCBuildConfiguration;
			buildSettings = {
				ASSETCATALOG_COMPILER_APPICON_NAME = AppIcon;
				CODE_SIGN_IDENTITY = "iPhone Developer: Noeleen Livingstone (S46SR32P87)";
				"CODE_SIGN_IDENTITY[sdk=iphoneos*]" = "iPhone Developer: Noeleen Livingstone (S46SR32P87)";
				EMBEDDED_CONTENT_CONTAINS_SWIFT = YES;
				INFOPLIST_FILE = FanApp/Info.plist;
				LD_RUNPATH_SEARCH_PATHS = "$(inherited) @executable_path/Frameworks";
				PRODUCT_NAME = "$(TARGET_NAME)";
				PROVISIONING_PROFILE = "417cc823-999d-401b-9fcf-882e68d2c5e8";
				TARGETED_DEVICE_FAMILY = "1,2";
			};
			name = Release;
		};
		9BC9A82E1A23B6B3007AD0FC /* Debug */ = {
			isa = XCBuildConfiguration;
			buildSettings = {
				BUNDLE_LOADER = "$(TEST_HOST)";
				FRAMEWORK_SEARCH_PATHS = (
					"$(SDKROOT)/Developer/Library/Frameworks",
					"$(inherited)",
				);
				GCC_PREPROCESSOR_DEFINITIONS = (
					"DEBUG=1",
					"$(inherited)",
				);
				INFOPLIST_FILE = FanAppTests/Info.plist;
				LD_RUNPATH_SEARCH_PATHS = "$(inherited) @executable_path/Frameworks @loader_path/Frameworks";
				PRODUCT_NAME = "$(TARGET_NAME)";
				TEST_HOST = "$(BUILT_PRODUCTS_DIR)/FanApp.app/FanApp";
			};
			name = Debug;
		};
		9BC9A82F1A23B6B3007AD0FC /* Release */ = {
			isa = XCBuildConfiguration;
			buildSettings = {
				BUNDLE_LOADER = "$(TEST_HOST)";
				FRAMEWORK_SEARCH_PATHS = (
					"$(SDKROOT)/Developer/Library/Frameworks",
					"$(inherited)",
				);
				INFOPLIST_FILE = FanAppTests/Info.plist;
				LD_RUNPATH_SEARCH_PATHS = "$(inherited) @executable_path/Frameworks @loader_path/Frameworks";
				PRODUCT_NAME = "$(TARGET_NAME)";
				TEST_HOST = "$(BUILT_PRODUCTS_DIR)/FanApp.app/FanApp";
			};
			name = Release;
		};
/* End XCBuildConfiguration section */

/* Begin XCConfigurationList section */
		9BC9A8061A23B6B3007AD0FC /* Build configuration list for PBXProject "FanApp" */ = {
			isa = XCConfigurationList;
			buildConfigurations = (
				9BC9A8281A23B6B3007AD0FC /* Debug */,
				9BC9A8291A23B6B3007AD0FC /* Release */,
			);
			defaultConfigurationIsVisible = 0;
			defaultConfigurationName = Release;
		};
		9BC9A82A1A23B6B3007AD0FC /* Build configuration list for PBXNativeTarget "FanApp" */ = {
			isa = XCConfigurationList;
			buildConfigurations = (
				9BC9A82B1A23B6B3007AD0FC /* Debug */,
				9BC9A82C1A23B6B3007AD0FC /* Release */,
			);
			defaultConfigurationIsVisible = 0;
			defaultConfigurationName = Release;
		};
		9BC9A82D1A23B6B3007AD0FC /* Build configuration list for PBXNativeTarget "FanAppTests" */ = {
			isa = XCConfigurationList;
			buildConfigurations = (
				9BC9A82E1A23B6B3007AD0FC /* Debug */,
				9BC9A82F1A23B6B3007AD0FC /* Release */,
			);
			defaultConfigurationIsVisible = 0;
			defaultConfigurationName = Release;
		};
/* End XCConfigurationList section */
	};
	rootObject = 9BC9A8031A23B6B3007AD0FC /* Project object */;
}
