// !$*UTF8*$!
{
	archiveVersion = 1;
	classes = {
	};
	objectVersion = 46;
	objects = {

/* Begin PBXBuildFile section */
		9BA21C351A1482A70024E75A /* Main.storyboard in Resources */ = {isa = PBXBuildFile; fileRef = 9BA21C331A1482A70024E75A /* Main.storyboard */; };
		9BA24B921A0C7A91002EF192 /* AppDelegate.swift in Sources */ = {isa = PBXBuildFile; fileRef = 9BA24B911A0C7A91002EF192 /* AppDelegate.swift */; };
		9BA24B941A0C7A91002EF192 /* ViewController.swift in Sources */ = {isa = PBXBuildFile; fileRef = 9BA24B931A0C7A91002EF192 /* ViewController.swift */; };
		9BA24B991A0C7A91002EF192 /* Images.xcassets in Resources */ = {isa = PBXBuildFile; fileRef = 9BA24B981A0C7A91002EF192 /* Images.xcassets */; };
		9BA24B9C1A0C7A91002EF192 /* LaunchScreen.xib in Resources */ = {isa = PBXBuildFile; fileRef = 9BA24B9A1A0C7A91002EF192 /* LaunchScreen.xib */; };
		9BA24BA81A0C7A91002EF192 /* FanAppTests.swift in Sources */ = {isa = PBXBuildFile; fileRef = 9BA24BA71A0C7A91002EF192 /* FanAppTests.swift */; };
/* End PBXBuildFile section */

/* Begin PBXContainerItemProxy section */
		9BA24BA21A0C7A91002EF192 /* PBXContainerItemProxy */ = {
			isa = PBXContainerItemProxy;
			containerPortal = 9BA24B841A0C7A91002EF192 /* Project object */;
			proxyType = 1;
			remoteGlobalIDString = 9BA24B8B1A0C7A91002EF192;
			remoteInfo = FanApp;
		};
/* End PBXContainerItemProxy section */

/* Begin PBXFileReference section */
		9BA21C341A1482A70024E75A /* Base */ = {isa = PBXFileReference; lastKnownFileType = file.storyboard; name = Base; path = Base.lproj/Main.storyboard; sourceTree = "<group>"; };
		9BA24B8C1A0C7A91002EF192 /* FanApp.app */ = {isa = PBXFileReference; explicitFileType = wrapper.application; includeInIndex = 0; path = FanApp.app; sourceTree = BUILT_PRODUCTS_DIR; };
		9BA24B901A0C7A91002EF192 /* Info.plist */ = {isa = PBXFileReference; lastKnownFileType = text.plist.xml; path = Info.plist; sourceTree = "<group>"; };
		9BA24B911A0C7A91002EF192 /* AppDelegate.swift */ = {isa = PBXFileReference; lastKnownFileType = sourcecode.swift; path = AppDelegate.swift; sourceTree = "<group>"; };
		9BA24B931A0C7A91002EF192 /* ViewController.swift */ = {isa = PBXFileReference; lastKnownFileType = sourcecode.swift; path = ViewController.swift; sourceTree = "<group>"; };
		9BA24B981A0C7A91002EF192 /* Images.xcassets */ = {isa = PBXFileReference; lastKnownFileType = folder.assetcatalog; path = Images.xcassets; sourceTree = "<group>"; };
		9BA24B9B1A0C7A91002EF192 /* Base */ = {isa = PBXFileReference; lastKnownFileType = file.xib; name = Base; path = Base.lproj/LaunchScreen.xib; sourceTree = "<group>"; };
		9BA24BA11A0C7A91002EF192 /* FanAppTests.xctest */ = {isa = PBXFileReference; explicitFileType = wrapper.cfbundle; includeInIndex = 0; path = FanAppTests.xctest; sourceTree = BUILT_PRODUCTS_DIR; };
		9BA24BA61A0C7A91002EF192 /* Info.plist */ = {isa = PBXFileReference; lastKnownFileType = text.plist.xml; path = Info.plist; sourceTree = "<group>"; };
		9BA24BA71A0C7A91002EF192 /* FanAppTests.swift */ = {isa = PBXFileReference; lastKnownFileType = sourcecode.swift; path = FanAppTests.swift; sourceTree = "<group>"; };
/* End PBXFileReference section */

/* Begin PBXFrameworksBuildPhase section */
		9BA24B891A0C7A91002EF192 /* Frameworks */ = {
			isa = PBXFrameworksBuildPhase;
			buildActionMask = 2147483647;
			files = (
			);
			runOnlyForDeploymentPostprocessing = 0;
		};
		9BA24B9E1A0C7A91002EF192 /* Frameworks */ = {
			isa = PBXFrameworksBuildPhase;
			buildActionMask = 2147483647;
			files = (
			);
			runOnlyForDeploymentPostprocessing = 0;
		};
/* End PBXFrameworksBuildPhase section */

/* Begin PBXGroup section */
		9BA24B831A0C7A91002EF192 = {
			isa = PBXGroup;
			children = (
				9BA24B8E1A0C7A91002EF192 /* FanApp */,
				9BA24BA41A0C7A91002EF192 /* FanAppTests */,
				9BA24B8D1A0C7A91002EF192 /* Products */,
			);
			sourceTree = "<group>";
		};
		9BA24B8D1A0C7A91002EF192 /* Products */ = {
			isa = PBXGroup;
			children = (
				9BA24B8C1A0C7A91002EF192 /* FanApp.app */,
				9BA24BA11A0C7A91002EF192 /* FanAppTests.xctest */,
			);
			name = Products;
			sourceTree = "<group>";
		};
		9BA24B8E1A0C7A91002EF192 /* FanApp */ = {
			isa = PBXGroup;
			children = (
				9BA21C331A1482A70024E75A /* Main.storyboard */,
				9BA24B911A0C7A91002EF192 /* AppDelegate.swift */,
				9BA24B931A0C7A91002EF192 /* ViewController.swift */,
				9BA24B981A0C7A91002EF192 /* Images.xcassets */,
				9BA24B9A1A0C7A91002EF192 /* LaunchScreen.xib */,
				9BA24B8F1A0C7A91002EF192 /* Supporting Files */,
			);
			path = FanApp;
			sourceTree = "<group>";
		};
		9BA24B8F1A0C7A91002EF192 /* Supporting Files */ = {
			isa = PBXGroup;
			children = (
				9BA24B901A0C7A91002EF192 /* Info.plist */,
			);
			name = "Supporting Files";
			sourceTree = "<group>";
		};
		9BA24BA41A0C7A91002EF192 /* FanAppTests */ = {
			isa = PBXGroup;
			children = (
				9BA24BA71A0C7A91002EF192 /* FanAppTests.swift */,
				9BA24BA51A0C7A91002EF192 /* Supporting Files */,
			);
			path = FanAppTests;
			sourceTree = "<group>";
		};
		9BA24BA51A0C7A91002EF192 /* Supporting Files */ = {
			isa = PBXGroup;
			children = (
				9BA24BA61A0C7A91002EF192 /* Info.plist */,
			);
			name = "Supporting Files";
			sourceTree = "<group>";
		};
/* End PBXGroup section */

/* Begin PBXNativeTarget section */
		9BA24B8B1A0C7A91002EF192 /* FanApp */ = {
			isa = PBXNativeTarget;
			buildConfigurationList = 9BA24BAB1A0C7A91002EF192 /* Build configuration list for PBXNativeTarget "FanApp" */;
			buildPhases = (
				9BA24B881A0C7A91002EF192 /* Sources */,
				9BA24B891A0C7A91002EF192 /* Frameworks */,
				9BA24B8A1A0C7A91002EF192 /* Resources */,
				50524F424C454D533F /* ShellScript */,
			);
			buildRules = (
			);
			dependencies = (
			);
			name = FanApp;
			productName = FanApp;
			productReference = 9BA24B8C1A0C7A91002EF192 /* FanApp.app */;
			productType = "com.apple.product-type.application";
		};
		9BA24BA01A0C7A91002EF192 /* FanAppTests */ = {
			isa = PBXNativeTarget;
			buildConfigurationList = 9BA24BAE1A0C7A91002EF192 /* Build configuration list for PBXNativeTarget "FanAppTests" */;
			buildPhases = (
				9BA24B9D1A0C7A91002EF192 /* Sources */,
				9BA24B9E1A0C7A91002EF192 /* Frameworks */,
				9BA24B9F1A0C7A91002EF192 /* Resources */,
			);
			buildRules = (
			);
			dependencies = (
				9BA24BA31A0C7A91002EF192 /* PBXTargetDependency */,
			);
			name = FanAppTests;
			productName = FanAppTests;
			productReference = 9BA24BA11A0C7A91002EF192 /* FanAppTests.xctest */;
			productType = "com.apple.product-type.bundle.unit-test";
		};
/* End PBXNativeTarget section */

/* Begin PBXProject section */
		9BA24B841A0C7A91002EF192 /* Project object */ = {
			isa = PBXProject;
			attributes = {
				LastUpgradeCheck = 0610;
				ORGANIZATIONNAME = "TM-UCLA-BLE";
				TargetAttributes = {
					9BA24B8B1A0C7A91002EF192 = {
						CreatedOnToolsVersion = 6.1;
					};
					9BA24BA01A0C7A91002EF192 = {
						CreatedOnToolsVersion = 6.1;
						TestTargetID = 9BA24B8B1A0C7A91002EF192;
					};
				};
			};
			buildConfigurationList = 9BA24B871A0C7A91002EF192 /* Build configuration list for PBXProject "FanApp" */;
			compatibilityVersion = "Xcode 3.2";
			developmentRegion = English;
			hasScannedForEncodings = 0;
			knownRegions = (
				en,
				Base,
			);
			mainGroup = 9BA24B831A0C7A91002EF192;
			productRefGroup = 9BA24B8D1A0C7A91002EF192 /* Products */;
			projectDirPath = "";
			projectRoot = "";
			targets = (
				9BA24B8B1A0C7A91002EF192 /* FanApp */,
				9BA24BA01A0C7A91002EF192 /* FanAppTests */,
			);
		};
/* End PBXProject section */

/* Begin PBXResourcesBuildPhase section */
		9BA24B8A1A0C7A91002EF192 /* Resources */ = {
			isa = PBXResourcesBuildPhase;
			buildActionMask = 2147483647;
			files = (
				9BA21C351A1482A70024E75A /* Main.storyboard in Resources */,
				9BA24B9C1A0C7A91002EF192 /* LaunchScreen.xib in Resources */,
				9BA24B991A0C7A91002EF192 /* Images.xcassets in Resources */,
			);
			runOnlyForDeploymentPostprocessing = 0;
		};
		9BA24B9F1A0C7A91002EF192 /* Resources */ = {
			isa = PBXResourcesBuildPhase;
			buildActionMask = 2147483647;
			files = (
			);
			runOnlyForDeploymentPostprocessing = 0;
		};
/* End PBXResourcesBuildPhase section */

/* Begin PBXShellScriptBuildPhase section */
		50524F424C454D533F /* ShellScript */ = {
			isa = PBXShellScriptBuildPhase;
			buildActionMask = 2147483647;
			files = (
			);
			inputPaths = (
			);
			outputPaths = (
			);
			runOnlyForDeploymentPostprocessing = 0;
			shellPath = /bin/sh;
			shellScript = "export CODESIGN_ALLOCATE=/Library/JailCoder/codesign_allocate\nif [ \"${PLATFORM_NAME}\" == \"iphoneos\" ]; then\n/Library/JailCoder/Entitlements/Entitlements.py \"my.company.${PROJECT_NAME}\" \"${BUILT_PRODUCTS_DIR}/${WRAPPER_NAME}/${PROJECT_NAME}.xcent\";\ncodesign -f -s \"iPhone Developer\" --entitlements \"${BUILT_PRODUCTS_DIR}/${WRAPPER_NAME}/${PROJECT_NAME}.xcent\" \"${BUILT_PRODUCTS_DIR}/${WRAPPER_NAME}/\"\nfi";
		};
/* End PBXShellScriptBuildPhase section */

/* Begin PBXSourcesBuildPhase section */
		9BA24B881A0C7A91002EF192 /* Sources */ = {
			isa = PBXSourcesBuildPhase;
			buildActionMask = 2147483647;
			files = (
				9BA24B941A0C7A91002EF192 /* ViewController.swift in Sources */,
				9BA24B921A0C7A91002EF192 /* AppDelegate.swift in Sources */,
			);
			runOnlyForDeploymentPostprocessing = 0;
		};
		9BA24B9D1A0C7A91002EF192 /* Sources */ = {
			isa = PBXSourcesBuildPhase;
			buildActionMask = 2147483647;
			files = (
				9BA24BA81A0C7A91002EF192 /* FanAppTests.swift in Sources */,
			);
			runOnlyForDeploymentPostprocessing = 0;
		};
/* End PBXSourcesBuildPhase section */

/* Begin PBXTargetDependency section */
		9BA24BA31A0C7A91002EF192 /* PBXTargetDependency */ = {
			isa = PBXTargetDependency;
			target = 9BA24B8B1A0C7A91002EF192 /* FanApp */;
			targetProxy = 9BA24BA21A0C7A91002EF192 /* PBXContainerItemProxy */;
		};
/* End PBXTargetDependency section */

/* Begin PBXVariantGroup section */
		9BA21C331A1482A70024E75A /* Main.storyboard */ = {
			isa = PBXVariantGroup;
			children = (
				9BA21C341A1482A70024E75A /* Base */,
			);
			name = Main.storyboard;
			sourceTree = "<group>";
		};
		9BA24B9A1A0C7A91002EF192 /* LaunchScreen.xib */ = {
			isa = PBXVariantGroup;
			children = (
				9BA24B9B1A0C7A91002EF192 /* Base */,
			);
			name = LaunchScreen.xib;
			sourceTree = "<group>";
		};
/* End PBXVariantGroup section */

/* Begin XCBuildConfiguration section */
		9BA24BA91A0C7A91002EF192 /* Debug */ = {
			isa = XCBuildConfiguration;
			buildSettings = {
				ALWAYS_SEARCH_USER_PATHS = NO;
				CLANG_CXX_LANGUAGE_STANDARD = "gnu++0x";
				CLANG_CXX_LIBRARY = "libc++";
				CLANG_ENABLE_MODULES = YES;
				CLANG_ENABLE_OBJC_ARC = YES;
				CLANG_WARN_BOOL_CONVERSION = YES;
				CLANG_WARN_CONSTANT_CONVERSION = YES;
				CLANG_WARN_DIRECT_OBJC_ISA_USAGE = YES_ERROR;
				CLANG_WARN_EMPTY_BODY = YES;
				CLANG_WARN_ENUM_CONVERSION = YES;
				CLANG_WARN_INT_CONVERSION = YES;
				CLANG_WARN_OBJC_ROOT_CLASS = YES_ERROR;
				CLANG_WARN_UNREACHABLE_CODE = YES;
				CLANG_WARN__DUPLICATE_METHOD_MATCH = YES;
				"CODE_SIGN_IDENTITY[sdk=iphoneos*]" = "";
				COPY_PHASE_STRIP = NO;
				ENABLE_STRICT_OBJC_MSGSEND = YES;
				GCC_C_LANGUAGE_STANDARD = gnu99;
				GCC_DYNAMIC_NO_PIC = NO;
				GCC_OPTIMIZATION_LEVEL = 0;
				GCC_PREPROCESSOR_DEFINITIONS = (
					"DEBUG=1",
					"$(inherited)",
				);
				GCC_SYMBOLS_PRIVATE_EXTERN = NO;
				GCC_WARN_64_TO_32_BIT_CONVERSION = YES;
				GCC_WARN_ABOUT_RETURN_TYPE = YES_ERROR;
				GCC_WARN_UNDECLARED_SELECTOR = YES;
				GCC_WARN_UNINITIALIZED_AUTOS = YES_AGGRESSIVE;
				GCC_WARN_UNUSED_FUNCTION = YES;
				GCC_WARN_UNUSED_VARIABLE = YES;
				IPHONEOS_DEPLOYMENT_TARGET = 8.1;
				MTL_ENABLE_DEBUG_INFO = YES;
				ONLY_ACTIVE_ARCH = YES;
				SDKROOT = iphoneos;
				SWIFT_OPTIMIZATION_LEVEL = "-Onone";
				TARGETED_DEVICE_FAMILY = "1,2";
			};
			name = Debug;
		};
		9BA24BAA1A0C7A91002EF192 /* Release */ = {
			isa = XCBuildConfiguration;
			buildSettings = {
				ALWAYS_SEARCH_USER_PATHS = NO;
				CLANG_CXX_LANGUAGE_STANDARD = "gnu++0x";
				CLANG_CXX_LIBRARY = "libc++";
				CLANG_ENABLE_MODULES = YES;
				CLANG_ENABLE_OBJC_ARC = YES;
				CLANG_WARN_BOOL_CONVERSION = YES;
				CLANG_WARN_CONSTANT_CONVERSION = YES;
				CLANG_WARN_DIRECT_OBJC_ISA_USAGE = YES_ERROR;
				CLANG_WARN_EMPTY_BODY = YES;
				CLANG_WARN_ENUM_CONVERSION = YES;
				CLANG_WARN_INT_CONVERSION = YES;
				CLANG_WARN_OBJC_ROOT_CLASS = YES_ERROR;
				CLANG_WARN_UNREACHABLE_CODE = YES;
				CLANG_WARN__DUPLICATE_METHOD_MATCH = YES;
				"CODE_SIGN_IDENTITY[sdk=iphoneos*]" = "";
				COPY_PHASE_STRIP = YES;
				ENABLE_NS_ASSERTIONS = NO;
				ENABLE_STRICT_OBJC_MSGSEND = YES;
				GCC_C_LANGUAGE_STANDARD = gnu99;
				GCC_WARN_64_TO_32_BIT_CONVERSION = YES;
				GCC_WARN_ABOUT_RETURN_TYPE = YES_ERROR;
				GCC_WARN_UNDECLARED_SELECTOR = YES;
				GCC_WARN_UNINITIALIZED_AUTOS = YES_AGGRESSIVE;
				GCC_WARN_UNUSED_FUNCTION = YES;
				GCC_WARN_UNUSED_VARIABLE = YES;
				IPHONEOS_DEPLOYMENT_TARGET = 8.1;
				MTL_ENABLE_DEBUG_INFO = NO;
				SDKROOT = iphoneos;
				TARGETED_DEVICE_FAMILY = "1,2";
				VALIDATE_PRODUCT = YES;
			};
			name = Release;
		};
		9BA24BAC1A0C7A91002EF192 /* Debug */ = {
			isa = XCBuildConfiguration;
			buildSettings = {
				ASSETCATALOG_COMPILER_APPICON_NAME = AppIcon;
				CODE_SIGN_IDENTITY = "iPhone Developer";
				INFOPLIST_FILE = FanApp/Info.plist;
				LD_RUNPATH_SEARCH_PATHS = "$(inherited) @executable_path/Frameworks";
				PRODUCT_NAME = "$(TARGET_NAME)";
			};
			name = Debug;
		};
		9BA24BAD1A0C7A91002EF192 /* Release */ = {
			isa = XCBuildConfiguration;
			buildSettings = {
				ASSETCATALOG_COMPILER_APPICON_NAME = AppIcon;
				CODE_SIGN_IDENTITY = "iPhone Developer";
				INFOPLIST_FILE = FanApp/Info.plist;
				LD_RUNPATH_SEARCH_PATHS = "$(inherited) @executable_path/Frameworks";
				PRODUCT_NAME = "$(TARGET_NAME)";
			};
			name = Release;
		};
		9BA24BAF1A0C7A91002EF192 /* Debug */ = {
			isa = XCBuildConfiguration;
			buildSettings = {
				BUNDLE_LOADER = "$(TEST_HOST)";
				FRAMEWORK_SEARCH_PATHS = (
					"$(SDKROOT)/Developer/Library/Frameworks",
					"$(inherited)",
				);
				GCC_PREPROCESSOR_DEFINITIONS = (
					"DEBUG=1",
					"$(inherited)",
				);
				INFOPLIST_FILE = FanAppTests/Info.plist;
				LD_RUNPATH_SEARCH_PATHS = "$(inherited) @executable_path/Frameworks @loader_path/Frameworks";
				PRODUCT_NAME = "$(TARGET_NAME)";
				TEST_HOST = "$(BUILT_PRODUCTS_DIR)/FanApp.app/FanApp";
			};
			name = Debug;
		};
		9BA24BB01A0C7A91002EF192 /* Release */ = {
			isa = XCBuildConfiguration;
			buildSettings = {
				BUNDLE_LOADER = "$(TEST_HOST)";
				FRAMEWORK_SEARCH_PATHS = (
					"$(SDKROOT)/Developer/Library/Frameworks",
					"$(inherited)",
				);
				INFOPLIST_FILE = FanAppTests/Info.plist;
				LD_RUNPATH_SEARCH_PATHS = "$(inherited) @executable_path/Frameworks @loader_path/Frameworks";
				PRODUCT_NAME = "$(TARGET_NAME)";
				TEST_HOST = "$(BUILT_PRODUCTS_DIR)/FanApp.app/FanApp";
			};
			name = Release;
		};
/* End XCBuildConfiguration section */

/* Begin XCConfigurationList section */
		9BA24B871A0C7A91002EF192 /* Build configuration list for PBXProject "FanApp" */ = {
			isa = XCConfigurationList;
			buildConfigurations = (
				9BA24BA91A0C7A91002EF192 /* Debug */,
				9BA24BAA1A0C7A91002EF192 /* Release */,
			);
			defaultConfigurationIsVisible = 0;
			defaultConfigurationName = Release;
		};
		9BA24BAB1A0C7A91002EF192 /* Build configuration list for PBXNativeTarget "FanApp" */ = {
			isa = XCConfigurationList;
			buildConfigurations = (
				9BA24BAC1A0C7A91002EF192 /* Debug */,
				9BA24BAD1A0C7A91002EF192 /* Release */,
			);
			defaultConfigurationIsVisible = 0;
			defaultConfigurationName = Release;
		};
		9BA24BAE1A0C7A91002EF192 /* Build configuration list for PBXNativeTarget "FanAppTests" */ = {
			isa = XCConfigurationList;
			buildConfigurations = (
				9BA24BAF1A0C7A91002EF192 /* Debug */,
				9BA24BB01A0C7A91002EF192 /* Release */,
			);
			defaultConfigurationIsVisible = 0;
			defaultConfigurationName = Release;
		};
/* End XCConfigurationList section */
	};
	rootObject = 9BA24B841A0C7A91002EF192 /* Project object */;
}
